dependencies:
- name: grafana
  repository: https://grafana.github.io/helm-charts
  version: 6.20.4
- name: prometheus
  repository: https://prometheus-community.github.io/helm-charts
  version: 15.0.2
- name: prometheus-blackbox-exporter
  repository: https://prometheus-community.github.io/helm-charts
  version: 5.3.1
digest: sha256:72987f0cff136920fef05b6333805fa65e830f94df5ec0e7e80ccda7e9ad8858
generated: "2022-01-06T10:13:55.759469781+01:00"
